
Microsoft Visual Studio Solution File, Format Version 12.00
# Visual Studio Version 16
VisualStudioVersion = 16.0.31005.135
MinimumVisualStudioVersion = 10.0.40219.1
Project("{FAE04EC0-301F-11D3-BF4B-00C04F79EFBC}") = "Apmaciba", "Apmaciba\Apmaciba.csproj", "{33EEAACB-74E0-49DD-8ECB-3C41C00D3704}"
EndProject
Global
	GlobalSection(SolutionConfigurationPlatforms) = preSolution
		Debug|Any CPU = Debug|Any CPU
		Release|Any CPU = Release|Any CPU
	EndGlobalSection
	GlobalSection(ProjectConfigurationPlatforms) = postSolution
		{33EEAACB-74E0-49DD-8ECB-3C41C00D3704}.Debug|Any CPU.ActiveCfg = Debug|Any CPU
		{33EEAACB-74E0-49DD-8ECB-3C41C00D3704}.Debug|Any CPU.Build.0 = Debug|Any CPU
		{33EEAACB-74E0-49DD-8ECB-3C41C00D3704}.Release|Any CPU.ActiveCfg = Release|Any CPU
		{33EEAACB-74E0-49DD-8ECB-3C41C00D3704}.Release|Any CPU.Build.0 = Release|Any CPU
	EndGlobalSection
	GlobalSection(SolutionProperties) = preSolution
		HideSolutionNode = FALSE
	EndGlobalSection
	GlobalSection(ExtensibilityGlobals) = postSolution
		SolutionGuid = {2967F92D-C717-4AB3-A5AF-7AA13E39AFF1}
	EndGlobalSection
EndGlobal
